<?xml version="1.0" encoding="utf-8"?>
<Project ToolsVersion="4.0" xmlns="http://schemas.microsoft.com/developer/msbuild/2003">
  <ItemGroup>
    <ApplicationDefinition Include="App.xaml" />
  </ItemGroup>
  <ItemGroup>
    <Midl Include="Pages\MainWindow.idl" />
  </ItemGroup>
  <ItemGroup>
    <ClCompile Include="pch.cpp" />
    <ClCompile Include="$(GeneratedFilesDir)module.g.cpp" />
  </ItemGroup>
  <ItemGroup>
    <ClInclude Include="pch.h" />
  </ItemGroup>
  <ItemGroup>
    <Image Include="Assets\Wide310x150Logo.scale-200.png">
      <Filter>Assets</Filter>
    </Image>
    <Image Include="Assets\StoreLogo.png">
      <Filter>Assets</Filter>
    </Image>
    <Image Include="Assets\Square150x150Logo.scale-200.png">
      <Filter>Assets</Filter>
    </Image>
    <Image Include="Assets\Square44x44Logo.targetsize-24_altform-unplated.png">
      <Filter>Assets</Filter>
    </Image>
    <Image Include="Assets\Square44x44Logo.scale-200.png">
      <Filter>Assets</Filter>
    </Image>
    <Image Include="Assets\SplashScreen.scale-200.png">
      <Filter>Assets</Filter>
    </Image>
    <Image Include="Assets\LockScreenLogo.scale-200.png">
      <Filter>Assets</Filter>
    </Image>
  </ItemGroup>
  <ItemGroup>
    <Filter Include="Assets">
      <UniqueIdentifier>{197cc133-ee43-4df2-9629-e0396aa91afb}</UniqueIdentifier>
    </Filter>
    <Filter Include="Pages">
      <UniqueIdentifier>{3d18889c-3d05-40e9-bed8-01cc56afa066}</UniqueIdentifier>
    </Filter>
    <Filter Include="Strings">
      <UniqueIdentifier>{2de7e4f8-5fd5-426c-b474-b3fff6d13637}</UniqueIdentifier>
    </Filter>
    <Filter Include="Strings\zh-cn">
      <UniqueIdentifier>{2bd52813-4e94-48f8-8a88-eb5b042eca86}</UniqueIdentifier>
    </Filter>
    <Filter Include="Strings\en-us">
      <UniqueIdentifier>{e29cc5ef-f13a-41f6-9c75-6a44878d7aaf}</UniqueIdentifier>
    </Filter>
  </ItemGroup>
  <ItemGroup>
    <Text Include="readme.txt" />
  </ItemGroup>
  <ItemGroup>
    <Manifest Include="app.manifest" />
  </ItemGroup>
  <ItemGroup>
    <AppxManifest Include="Package.appxmanifest" />
  </ItemGroup>
  <ItemGroup>
    <None Include="packages.config" />
  </ItemGroup>
  <ItemGroup>
    <Page Include="Pages\MainWindow.xaml">
      <Filter>Pages</Filter>
    </Page>
    <Page Include="Pages\AdvancedPage.xaml">
      <Filter>Pages</Filter>
    </Page>
    <Page Include="Pages\AboutPage.xaml">
      <Filter>Pages</Filter>
    </Page>
    <Page Include="Pages\BasicPage.xaml">
      <Filter>Pages</Filter>
    </Page>
  </ItemGroup>
  <ItemGroup>
    <PRIResource Include="Strings\zh-cn\Resources.resw">
      <Filter>Strings\zh-cn</Filter>
    </PRIResource>
    <PRIResource Include="Strings\en-us\Resources.resw">
      <Filter>Strings\en-us</Filter>
    </PRIResource>
  </ItemGroup>
  <ItemGroup>
    <Natvis Include="$(MSBuildThisFileDirectory)..\..\natvis\wil.natvis" />
  </ItemGroup>
</Project>